Microsoft Visual Studio Solution File, Format Version 12.00
# Visual Studio 2012
Project("{FAE04EC0-301F-11D3-BF4B-00C04F79EFBC}") = "othello", "othello.csproj", "{80828FA1-93FB-4B76-8A79-67A2E551FAAC}"
EndProject
Global
	GlobalSection(SolutionConfigurationPlatforms) = preSolution
	Debug|Any CPU = Debug|Any CPU
	ExportDebug|Any CPU = ExportDebug|Any CPU
	ExportRelease|Any CPU = ExportRelease|Any CPU
	EndGlobalSection
	GlobalSection(ProjectConfigurationPlatforms) = postSolution
		{80828FA1-93FB-4B76-8A79-67A2E551FAAC}.Debug|Any CPU.ActiveCfg = Debug|Any CPU
		{80828FA1-93FB-4B76-8A79-67A2E551FAAC}.Debug|Any CPU.Build.0 = Debug|Any CPU
		{80828FA1-93FB-4B76-8A79-67A2E551FAAC}.ExportDebug|Any CPU.ActiveCfg = ExportDebug|Any CPU
		{80828FA1-93FB-4B76-8A79-67A2E551FAAC}.ExportDebug|Any CPU.Build.0 = ExportDebug|Any CPU
		{80828FA1-93FB-4B76-8A79-67A2E551FAAC}.ExportRelease|Any CPU.ActiveCfg = ExportRelease|Any CPU
		{80828FA1-93FB-4B76-8A79-67A2E551FAAC}.ExportRelease|Any CPU.Build.0 = ExportRelease|Any CPU
	EndGlobalSection
EndGlobal
